
Microsoft Visual Studio Solution File, Format Version 12.00
# Visual Studio Version 16
VisualStudioVersion = 16.0.29911.84
MinimumVisualStudioVersion = 10.0.40219.1
Project("{FAE04EC0-301F-11D3-BF4B-00C04F79EFBC}") = "Email-Sender-Testing-App", "Email-Sender-Testing-App.csproj", "{20678ABC-5CC9-4D7A-803C-A209DFAA84E3}"
EndProject
Global
	GlobalSection(SolutionConfigurationPlatforms) = preSolution
		Debug|Any CPU = Debug|Any CPU
		Release|Any CPU = Release|Any CPU
	EndGlobalSection
	GlobalSection(ProjectConfigurationPlatforms) = postSolution
		{20678ABC-5CC9-4D7A-803C-A209DFAA84E3}.Debug|Any CPU.ActiveCfg = Debug|Any CPU
		{20678ABC-5CC9-4D7A-803C-A209DFAA84E3}.Debug|Any CPU.Build.0 = Debug|Any CPU
		{20678ABC-5CC9-4D7A-803C-A209DFAA84E3}.Release|Any CPU.ActiveCfg = Release|Any CPU
		{20678ABC-5CC9-4D7A-803C-A209DFAA84E3}.Release|Any CPU.Build.0 = Release|Any CPU
	EndGlobalSection
	GlobalSection(SolutionProperties) = preSolution
		HideSolutionNode = FALSE
	EndGlobalSection
	GlobalSection(ExtensibilityGlobals) = postSolution
		SolutionGuid = {E9D13909-50AD-41F6-B2AA-1CEA83B1EF86}
	EndGlobalSection
EndGlobal
